
Microsoft Visual Studio Solution File, Format Version 12.00
# Visual Studio 2012
Project("{FAE04EC0-301F-11D3-BF4B-00C04F79EFBC}") = "Aventyrliga_Kontakter", "Aventyrliga_Kontakter\Aventyrliga_Kontakter.csproj", "{FEF7EA7C-F217-4BC4-A1A2-05F4A8DBFD47}"
EndProject
Global
	GlobalSection(SolutionConfigurationPlatforms) = preSolution
		Debug|Any CPU = Debug|Any CPU
		Release|Any CPU = Release|Any CPU
	EndGlobalSection
	GlobalSection(ProjectConfigurationPlatforms) = postSolution
		{FEF7EA7C-F217-4BC4-A1A2-05F4A8DBFD47}.Debug|Any CPU.ActiveCfg = Debug|Any CPU
		{FEF7EA7C-F217-4BC4-A1A2-05F4A8DBFD47}.Debug|Any CPU.Build.0 = Debug|Any CPU
		{FEF7EA7C-F217-4BC4-A1A2-05F4A8DBFD47}.Release|Any CPU.ActiveCfg = Release|Any CPU
		{FEF7EA7C-F217-4BC4-A1A2-05F4A8DBFD47}.Release|Any CPU.Build.0 = Release|Any CPU
	EndGlobalSection
	GlobalSection(SolutionProperties) = preSolution
		HideSolutionNode = FALSE
	EndGlobalSection
EndGlobal
